
Microsoft Visual Studio Solution File, Format Version 12.00
# Visual Studio Version 16
VisualStudioVersion = 16.0.29613.14
MinimumVisualStudioVersion = 10.0.40219.1
Project("{9A19103F-16F7-4668-BE54-9A1E7A4F7556}") = "ServerlessPDFConversionDemo", "ServerlessPDFConversionDemo\ServerlessPDFConversionDemo.csproj", "{2C2355E6-3023-4826-B870-7964EFE4A2C0}"
EndProject
Global
	GlobalSection(SolutionConfigurationPlatforms) = preSolution
		Debug|Any CPU = Debug|Any CPU
		Release|Any CPU = Release|Any CPU
	EndGlobalSection
	GlobalSection(ProjectConfigurationPlatforms) = postSolution
		{2C2355E6-3023-4826-B870-7964EFE4A2C0}.Debug|Any CPU.ActiveCfg = Debug|Any CPU
		{2C2355E6-3023-4826-B870-7964EFE4A2C0}.Debug|Any CPU.Build.0 = Debug|Any CPU
		{2C2355E6-3023-4826-B870-7964EFE4A2C0}.Release|Any CPU.ActiveCfg = Release|Any CPU
		{2C2355E6-3023-4826-B870-7964EFE4A2C0}.Release|Any CPU.Build.0 = Release|Any CPU
	EndGlobalSection
	GlobalSection(SolutionProperties) = preSolution
		HideSolutionNode = FALSE
	EndGlobalSection
	GlobalSection(ExtensibilityGlobals) = postSolution
		SolutionGuid = {31F6C104-A172-4283-A710-74B572C890A9}
	EndGlobalSection
EndGlobal
